PODS:
  - MBCircularProgressBar (0.3.4)

DEPENDENCIES:
  - MBCircularProgressBar (from `../`)

EXTERNAL SOURCES:
  MBCircularProgressBar:
    :path: ../

SPEC CHECKSUMS:
  MBCircularProgressBar: ff3b8e2f441214d9ee122a24ba0d4d00cc7de881

PODFILE CHECKSUM: 714c3e3d184000ec5c0bd676b588b84e746b2502

COCOAPODS: 1.0.1
