PODS:
  - MBCircularProgressBar (0.3.5)

DEPENDENCIES:
  - MBCircularProgressBar (from `../`)

EXTERNAL SOURCES:
  MBCircularProgressBar:
    :path: "../"

SPEC CHECKSUMS:
  MBCircularProgressBar: 0b795b722a5eb5b0923822f90474e2576a1a7855

PODFILE CHECKSUM: 714c3e3d184000ec5c0bd676b588b84e746b2502

COCOAPODS: 1.1.1
